
Microsoft Visual Studio Solution File, Format Version 12.00
# Visual Studio Version 17
VisualStudioVersion = 17.8.34511.84
MinimumVisualStudioVersion = 10.0.40219.1
Project("{FAE04EC0-301F-11D3-BF4B-00C04F79EFBC}") = "RabaukenBot", "RabaukenBot\RabaukenBot.csproj", "{2A7D2BEF-654F-4B44-9550-A0490C2043CC}"
EndProject
Global
	GlobalSection(SolutionConfigurationPlatforms) = preSolution
		Debug|Any CPU = Debug|Any CPU
		Release|Any CPU = Release|Any CPU
	EndGlobalSection
	GlobalSection(ProjectConfigurationPlatforms) = postSolution
		{2A7D2BEF-654F-4B44-9550-A0490C2043CC}.Debug|Any CPU.ActiveCfg = Debug|Any CPU
		{2A7D2BEF-654F-4B44-9550-A0490C2043CC}.Debug|Any CPU.Build.0 = Debug|Any CPU
		{2A7D2BEF-654F-4B44-9550-A0490C2043CC}.Release|Any CPU.ActiveCfg = Release|Any CPU
		{2A7D2BEF-654F-4B44-9550-A0490C2043CC}.Release|Any CPU.Build.0 = Release|Any CPU
	EndGlobalSection
	GlobalSection(SolutionProperties) = preSolution
		HideSolutionNode = FALSE
	EndGlobalSection
	GlobalSection(ExtensibilityGlobals) = postSolution
		SolutionGuid = {3F079826-98BC-4FF0-A6A0-D783213E0B4F}
	EndGlobalSection
EndGlobal
